{
  "name": "tabTracker",
  "lockfileVersion": 2,
  "requires": true,
  "packages": {
    "": {
      "dependencies": {
        "@mdi/js": "^6.6.96"
      }
    },
    "node_modules/@mdi/js": {
      "version": "6.6.96",
      "resolved": "https://registry.npmjs.org/@mdi/js/-/js-6.6.96.tgz",
      "integrity": "sha512-ke9PN5DjPCOlMfhioxeZYADz8Yiz6v47W0IYRza01SSJD7y1EwESVpwFnnFUso+eCoWtE1CO9cTIvQF6sEreuA=="
    }
  },
  "dependencies": {
    "@mdi/js": {
      "version": "6.6.96",
      "resolved": "https://registry.npmjs.org/@mdi/js/-/js-6.6.96.tgz",
      "integrity": "sha512-ke9PN5DjPCOlMfhioxeZYADz8Yiz6v47W0IYRza01SSJD7y1EwESVpwFnnFUso+eCoWtE1CO9cTIvQF6sEreuA=="
    }
  }
}
